
Microsoft Visual Studio Solution File, Format Version 12.00
# Visual Studio Version 16
VisualStudioVersion = 16.0.30503.244
MinimumVisualStudioVersion = 10.0.40219.1
Project("{FAE04EC0-301F-11D3-BF4B-00C04F79EFBC}") = "kursach", "kursach\kursach.csproj", "{6A9B7AA6-4D1A-4828-8174-F20CE17EFFB7}"
EndProject
Project("{FAE04EC0-301F-11D3-BF4B-00C04F79EFBC}") = "UnitTestProject1", "UnitTestProject1\UnitTestProject1.csproj", "{417A9E8D-3EDC-4043-B3DE-6332C907AA07}"
EndProject
Global
	GlobalSection(SolutionConfigurationPlatforms) = preSolution
		Debug|Any CPU = Debug|Any CPU
		Release|Any CPU = Release|Any CPU
	EndGlobalSection
	GlobalSection(ProjectConfigurationPlatforms) = postSolution
		{6A9B7AA6-4D1A-4828-8174-F20CE17EFFB7}.Debug|Any CPU.ActiveCfg = Debug|Any CPU
		{6A9B7AA6-4D1A-4828-8174-F20CE17EFFB7}.Debug|Any CPU.Build.0 = Debug|Any CPU
		{6A9B7AA6-4D1A-4828-8174-F20CE17EFFB7}.Release|Any CPU.ActiveCfg = Release|Any CPU
		{6A9B7AA6-4D1A-4828-8174-F20CE17EFFB7}.Release|Any CPU.Build.0 = Release|Any CPU
		{417A9E8D-3EDC-4043-B3DE-6332C907AA07}.Debug|Any CPU.ActiveCfg = Debug|Any CPU
		{417A9E8D-3EDC-4043-B3DE-6332C907AA07}.Debug|Any CPU.Build.0 = Debug|Any CPU
		{417A9E8D-3EDC-4043-B3DE-6332C907AA07}.Release|Any CPU.ActiveCfg = Release|Any CPU
		{417A9E8D-3EDC-4043-B3DE-6332C907AA07}.Release|Any CPU.Build.0 = Release|Any CPU
	EndGlobalSection
	GlobalSection(SolutionProperties) = preSolution
		HideSolutionNode = FALSE
	EndGlobalSection
	GlobalSection(ExtensibilityGlobals) = postSolution
		SolutionGuid = {9358ED83-E9A6-434F-B9FB-67D889D6D86C}
	EndGlobalSection
EndGlobal
